{
    "name": "frosh-admin-dashboard-tests",
    "lockfileVersion": 3,
    "requires": true,
    "packages": {
        "": {
            "name": "frosh-admin-dashboard-tests",
            "dependencies": {
                "kagami-playwright-reporter": "^0.0.2"
            },
            "devDependencies": {
                "@playwright/test": "1.60.0",
                "@shopware-ag/acceptance-test-suite": "^12.13.3",
                "@types/node": "^22.0.0",
                "dotenv": "^16.4.5"
            }
        },
        "node_modules/@axe-core/playwright": {
            "version": "4.11.1",
            "resolved": "https://registry.npmjs.org/@axe-core/playwright/-/playwright-4.11.1.tgz",
            "integrity": "sha512-mKEfoUIB1MkVTht0BGZFXtSAEKXMJoDkyV5YZ9jbBmZCcWDz71tegNsdTkIN8zc/yMi5Gm2kx7Z5YQ9PfWNAWw==",
            "dev": true,
            "license": "MPL-2.0",
            "dependencies": {
                "axe-core": "~4.11.1"
            },
            "peerDependencies": {
                "playwright-core": ">= 1.0.0"
            }
        },
        "node_modules/@axe-core/playwright/node_modules/axe-core": {
            "version": "4.11.4",
            "resolved": "https://registry.npmjs.org/axe-core/-/axe-core-4.11.4.tgz",
            "integrity": "sha512-KunSNx+TVpkAw/6ULfhnx+HWRecjqZGTOyquAoWHYLRSdK1tB5Ihce1ZW+UY3fj33bYAFWPu7W/GRSmmrCGuxA==",
            "dev": true,
            "license": "MPL-2.0",
            "engines": {
                "node": ">=4"
            }
        },
        "node_modules/@playwright/test": {
            "version": "1.60.0",
            "resolved": "https://registry.npmjs.org/@playwright/test/-/test-1.60.0.tgz",
            "integrity": "sha512-O71yZIbAh/PxDMNGns37GHBIfrVkEVyn+AXyIa5dOTfb4/xNvRWV+Vv/NMbNCtODB/pO7vLlF2OTmMVLhmr7Ag==",
            "license": "Apache-2.0",
            "dependencies": {
                "playwright": "1.60.0"
            },
            "bin": {
                "playwright": "cli.js"
            },
            "engines": {
                "node": ">=18"
            }
        },
        "node_modules/@shopware-ag/acceptance-test-suite": {
            "version": "12.13.3",
            "resolved": "https://registry.npmjs.org/@shopware-ag/acceptance-test-suite/-/acceptance-test-suite-12.13.3.tgz",
            "integrity": "sha512-8FJ6FguzlCS6ufi+e+t+SKgVHgZeRJDp78EbMCbHnwOs0M5o82IE4Jx5adfIcfDVsAS+/ALi7T1R4M4nvD+Cow==",
            "dev": true,
            "license": "MIT",
            "dependencies": {
                "@axe-core/playwright": "4.11.1",
                "@shopware/api-client": "1.4.0",
                "axe-html-reporter": "2.2.11",
                "compare-versions": "6.1.1",
                "i18next": "26.3.1",
                "image-js": "1.3.0",
                "uuid": "14.0.0"
            },
            "engines": {
                "node": "24.x || 25.x"
            },
            "peerDependencies": {
                "@playwright/test": "1.60.0",
                "playwright-core": "1.60.0"
            },
            "peerDependenciesMeta": {
                "playwright-core": {
                    "optional": true
                }
            }
        },
        "node_modules/@shopware/api-client": {
            "version": "1.4.0",
            "resolved": "https://registry.npmjs.org/@shopware/api-client/-/api-client-1.4.0.tgz",
            "integrity": "sha512-hpHKAlGCkPEa7y8ezNIXtMd6cmIXMHS4lVdTxfMtD/D8rWVtpAj/lVxe27W2PNCwiBWZGqmbYKZ3DCCP2FQO5Q==",
            "dev": true,
            "license": "MIT",
            "dependencies": {
                "defu": "6.1.4",
                "hookable": "5.5.3",
                "ofetch": "1.4.1"
            }
        },
        "node_modules/@types/node": {
            "version": "22.20.0",
            "resolved": "https://registry.npmjs.org/@types/node/-/node-22.20.0.tgz",
            "integrity": "sha512-QWlFW2wf3nTjC13/DqRnBpR4ZO36VJH/JVBkA/vcnmbTBNQIlnObqyqZE1tUR7+Ni23Lda8R1BxMfbXRpCUx5g==",
            "dev": true,
            "license": "MIT",
            "dependencies": {
                "undici-types": "~6.21.0"
            }
        },
        "node_modules/@types/pako": {
            "version": "2.0.4",
            "resolved": "https://registry.npmjs.org/@types/pako/-/pako-2.0.4.tgz",
            "integrity": "sha512-VWDCbrLeVXJM9fihYodcLiIv0ku+AlOa/TQ1SvYOaBuyrSKgEcro95LJyIsJ4vSo6BXIxOKxiJAat04CmST9Fw==",
            "dev": true,
            "license": "MIT"
        },
        "node_modules/agent-base": {
            "version": "7.1.4",
            "resolved": "https://registry.npmjs.org/agent-base/-/agent-base-7.1.4.tgz",
            "integrity": "sha512-MnA+YT8fwfJPgBx3m60MNqakm30XOkyIoH1y6huTQvC0PwZG7ki8NacLBcrPbNoo8vEZy7Jpuk7+jMO+CUovTQ==",
            "dev": true,
            "license": "MIT",
            "engines": {
                "node": ">= 14"
            }
        },
        "node_modules/axe-core": {
            "version": "4.12.1",
            "resolved": "https://registry.npmjs.org/axe-core/-/axe-core-4.12.1.tgz",
            "integrity": "sha512-s7iGf5GaVMxEG0ENN9x+xTr7GFZCb1ZP/1uATUpCEK2X78nDB3RwbtFCo9pGAf9ru+VwoQ464DkaLEeRM08wJA==",
            "dev": true,
            "license": "MPL-2.0",
            "peer": true,
            "engines": {
                "node": ">=4"
            }
        },
        "node_modules/axe-html-reporter": {
            "version": "2.2.11",
            "resolved": "https://registry.npmjs.org/axe-html-reporter/-/axe-html-reporter-2.2.11.tgz",
            "integrity": "sha512-WlF+xlNVgNVWiM6IdVrsh+N0Cw7qupe5HT9N6Uyi+aN7f6SSi92RDomiP1noW8OWIV85V6x404m5oKMeqRV3tQ==",
            "dev": true,
            "license": "MIT",
            "dependencies": {
                "mustache": "^4.0.1"
            },
            "engines": {
                "node": ">=8.9.0"
            },
            "peerDependencies": {
                "axe-core": ">=3"
            }
        },
        "node_modules/binary-search": {
            "version": "1.3.6",
            "resolved": "https://registry.npmjs.org/binary-search/-/binary-search-1.3.6.tgz",
            "integrity": "sha512-nbE1WxOTTrUWIfsfZ4aHGYu5DOuNkbxGokjV6Z2kxfJK3uaAb8zNK1muzOeipoLHZjInT4Br88BHpzevc681xA==",
            "dev": true,
            "license": "CC0-1.0"
        },
        "node_modules/bresenham-zingl": {
            "version": "0.2.5",
            "resolved": "https://registry.npmjs.org/bresenham-zingl/-/bresenham-zingl-0.2.5.tgz",
            "integrity": "sha512-0TCrPvavRM/3Os9QIUDhe8jpAQXgEYjsVO+9IKnkC8cdzorDX5fMRfr3neEFGjcfRItEswHvIvPrqQzCalRYkw==",
            "dev": true,
            "license": "MIT"
        },
        "node_modules/cheminfo-types": {
            "version": "1.15.0",
            "resolved": "https://registry.npmjs.org/cheminfo-types/-/cheminfo-types-1.15.0.tgz",
            "integrity": "sha512-shv45WN2u0yN9EHH1bisNrv+fy4Cw+eLM5lOoriP67mePrwbHZ1kJqg90C8GEU7K1A8gJsicEoVZHcuBbuul/w==",
            "dev": true,
            "license": "MIT"
        },
        "node_modules/colord": {
            "version": "2.9.3",
            "resolved": "https://registry.npmjs.org/colord/-/colord-2.9.3.tgz",
            "integrity": "sha512-jeC1axXpnb0/2nn/Y1LPuLdgXBLH7aDcHu4KEKfqw3CUhX7ZpfBSlPKyqXE6btIgEzfWtrX3/tyBCaCvXvMkOw==",
            "dev": true,
            "license": "MIT"
        },
        "node_modules/compare-versions": {
            "version": "6.1.1",
            "resolved": "https://registry.npmjs.org/compare-versions/-/compare-versions-6.1.1.tgz",
            "integrity": "sha512-4hm4VPpIecmlg59CHXnRDnqGplJFrbLG4aFEl5vl6cK1u76ws3LLvX7ikFnTDl5vo39sjWD6AaDPYodJp/NNHg==",
            "dev": true,
            "license": "MIT"
        },
        "node_modules/debug": {
            "version": "4.4.3",
            "resolved": "https://registry.npmjs.org/debug/-/debug-4.4.3.tgz",
            "integrity": "sha512-RGwwWnwQvkVfavKVt22FGLw+xYSdzARwm0ru6DhTVA3umU5hZc28V3kO4stgYryrTlLpuvgI9GiijltAjNbcqA==",
            "dev": true,
            "license": "MIT",
            "dependencies": {
                "ms": "^2.1.3"
            },
            "engines": {
                "node": ">=6.0"
            },
            "peerDependenciesMeta": {
                "supports-color": {
                    "optional": true
                }
            }
        },
        "node_modules/defu": {
            "version": "6.1.4",
            "resolved": "https://registry.npmjs.org/defu/-/defu-6.1.4.tgz",
            "integrity": "sha512-mEQCMmwJu317oSz8CwdIOdwf3xMif1ttiM8LTufzc3g6kR+9Pe236twL8j3IYT1F7GfRgGcW6MWxzZjLIkuHIg==",
            "dev": true,
            "license": "MIT"
        },
        "node_modules/destr": {
            "version": "2.0.5",
            "resolved": "https://registry.npmjs.org/destr/-/destr-2.0.5.tgz",
            "integrity": "sha512-ugFTXCtDZunbzasqBxrK93Ik/DRYsO6S/fedkWEMKqt04xZ4csmnmwGDBAb07QWNaGMAmnTIemsYZCksjATwsA==",
            "dev": true,
            "license": "MIT"
        },
        "node_modules/detect-libc": {
            "version": "2.1.2",
            "resolved": "https://registry.npmjs.org/detect-libc/-/detect-libc-2.1.2.tgz",
            "integrity": "sha512-Btj2BOOO83o3WyH59e8MgXsxEQVcarkUOpEYrubB0urwnN10yQ364rsiByU11nZlqWYZm05i/of7io4mzihBtQ==",
            "dev": true,
            "license": "Apache-2.0",
            "engines": {
                "node": ">=8"
            }
        },
        "node_modules/dotenv": {
            "version": "16.6.1",
            "resolved": "https://registry.npmjs.org/dotenv/-/dotenv-16.6.1.tgz",
            "integrity": "sha512-uBq4egWHTcTt33a72vpSG0z3HnPuIl6NqYcTrKEg2azoEyl2hpW0zqlxysq2pK9HlDIHyHyakeYaYnSAwd8bow==",
            "dev": true,
            "license": "BSD-2-Clause",
            "engines": {
                "node": ">=12"
            },
            "funding": {
                "url": "https://dotenvx.com"
            }
        },
        "node_modules/fast-bmp": {
            "version": "4.0.1",
            "resolved": "https://registry.npmjs.org/fast-bmp/-/fast-bmp-4.0.1.tgz",
            "integrity": "sha512-+KtMijJj+uA8Sl6EXAnhza7US7EXSY5Z9NeiJwT1wopVUksyLMXL5iFmn9FjY8FdkstOkpJI9RuEVXkGpIPSwg==",
            "dev": true,
            "license": "MIT",
            "dependencies": {
                "iobuffer": "^6.0.0"
            }
        },
        "node_modules/fast-jpeg": {
            "version": "3.0.1",
            "resolved": "https://registry.npmjs.org/fast-jpeg/-/fast-jpeg-3.0.1.tgz",
            "integrity": "sha512-1r4CO4rgRY1CeqaHlXVBPhdGC+rbNwWFJvV9s3HTUC+svqTE7hC1cEH9srp5MPgAmhDdsZ/WtU3WGM8zVobFCA==",
            "dev": true,
            "license": "MIT",
            "dependencies": {
                "iobuffer": "^6.0.0",
                "tiff": "^7.1.0"
            }
        },
        "node_modules/fast-png": {
            "version": "7.0.1",
            "resolved": "https://registry.npmjs.org/fast-png/-/fast-png-7.0.1.tgz",
            "integrity": "sha512-aD5BELuxRrAPlRhb9V/z1PVMFJy3cUXqIvoxM3IQ+7Rku+T4cbXxWclZ47f1XwhViEl4n30TAN8JmvTJKKc2Dw==",
            "dev": true,
            "license": "MIT",
            "dependencies": {
                "@types/pako": "^2.0.3",
                "iobuffer": "^6.0.0",
                "pako": "^2.1.0"
            }
        },
        "node_modules/fflate": {
            "version": "0.8.3",
            "resolved": "https://registry.npmjs.org/fflate/-/fflate-0.8.3.tgz",
            "integrity": "sha512-tbZNuJrLwGUp3zshBtdy4W+ORxZuIh8a5ilyIEQDC5rY1f3U20JMry0Ll3WBzU58EZKsEuJFXhb5gwv8CsPvgA==",
            "dev": true,
            "license": "MIT"
        },
        "node_modules/fft.js": {
            "version": "4.0.4",
            "resolved": "https://registry.npmjs.org/fft.js/-/fft.js-4.0.4.tgz",
            "integrity": "sha512-f9c00hphOgeQTlDyavwTtu6RiK8AIFjD6+jvXkNkpeQ7rirK3uFWVpalkoS4LAwbdX7mfZ8aoBfFVQX1Re/8aw==",
            "dev": true,
            "license": "MIT"
        },
        "node_modules/file-type": {
            "version": "10.11.0",
            "resolved": "https://registry.npmjs.org/file-type/-/file-type-10.11.0.tgz",
            "integrity": "sha512-uzk64HRpUZyTGZtVuvrjP0FYxzQrBf4rojot6J65YMEbwBLB0CWm0CLojVpwpmFmxcE/lkvYICgfcGozbBq6rw==",
            "dev": true,
            "license": "MIT",
            "engines": {
                "node": ">=6"
            }
        },
        "node_modules/follow-redirects": {
            "version": "1.16.0",
            "resolved": "https://registry.npmjs.org/follow-redirects/-/follow-redirects-1.16.0.tgz",
            "integrity": "sha512-y5rN/uOsadFT/JfYwhxRS5R7Qce+g3zG97+JrtFZlC9klX/W5hD7iiLzScI4nZqUS7DNUdhPgw4xI8W2LuXlUw==",
            "dev": true,
            "funding": [
                {
                    "type": "individual",
                    "url": "https://github.com/sponsors/RubenVerborgh"
                }
            ],
            "license": "MIT",
            "engines": {
                "node": ">=4.0"
            },
            "peerDependenciesMeta": {
                "debug": {
                    "optional": true
                }
            }
        },
        "node_modules/fsevents": {
            "version": "2.3.2",
            "resolved": "https://registry.npmjs.org/fsevents/-/fsevents-2.3.2.tgz",
            "integrity": "sha512-xiqMQR4xAeHTuB9uWm+fFRcIOgKBMiOBP+eXiyT7jsgVCq1bkVygt00oASowB7EdtpOHaaPgKt812P9ab+DDKA==",
            "hasInstallScript": true,
            "license": "MIT",
            "optional": true,
            "os": [
                "darwin"
            ],
            "engines": {
                "node": "^8.16.0 || ^10.6.0 || >=11.0.0"
            }
        },
        "node_modules/hookable": {
            "version": "5.5.3",
            "resolved": "https://registry.npmjs.org/hookable/-/hookable-5.5.3.tgz",
            "integrity": "sha512-Yc+BQe8SvoXH1643Qez1zqLRmbA5rCL+sSmk6TVos0LWVfNIB7PGncdlId77WzLGSIB5KaWgTaNTs2lNVEI6VQ==",
            "dev": true,
            "license": "MIT"
        },
        "node_modules/https-proxy-agent": {
            "version": "7.0.6",
            "resolved": "https://registry.npmjs.org/https-proxy-agent/-/https-proxy-agent-7.0.6.tgz",
            "integrity": "sha512-vK9P5/iUfdl95AI+JVyUuIcVtd4ofvtrOr3HNtM2yxC9bnMbEdp3x01OhQNnjb8IJYi38VlTE3mBXwcfvywuSw==",
            "dev": true,
            "license": "MIT",
            "dependencies": {
                "agent-base": "^7.1.2",
                "debug": "4"
            },
            "engines": {
                "node": ">= 14"
            }
        },
        "node_modules/i18next": {
            "version": "26.3.1",
            "resolved": "https://registry.npmjs.org/i18next/-/i18next-26.3.1.tgz",
            "integrity": "sha512-txQqd5EULsqEh9OJqRH15aCaOuy/nLJyhw5EHCSKLKJE1aBbb3Zve2+uQIxgWhPm1QqUQoWyQBm2kfmmIrzkcQ==",
            "dev": true,
            "funding": [
                {
                    "type": "individual",
                    "url": "https://www.locize.com/i18next"
                },
                {
                    "type": "individual",
                    "url": "https://www.i18next.com/how-to/faq#i18next-is-awesome.-how-can-i-support-the-project"
                },
                {
                    "type": "individual",
                    "url": "https://www.locize.com"
                }
            ],
            "license": "MIT",
            "peerDependencies": {
                "typescript": "^5 || ^6"
            },
            "peerDependenciesMeta": {
                "typescript": {
                    "optional": true
                }
            }
        },
        "node_modules/image-js": {
            "version": "1.3.0",
            "resolved": "https://registry.npmjs.org/image-js/-/image-js-1.3.0.tgz",
            "integrity": "sha512-0CiWH00qI84cUQD76bC7/XV3nd6DB4zrPktAd7VTvU4PGcnOMNB2l2uEeZWMrzGSuyAM7cXzYNXE7RPPYi3G9A==",
            "dev": true,
            "license": "MIT",
            "dependencies": {
                "bresenham-zingl": "^0.2.5",
                "colord": "^2.9.3",
                "fast-bmp": "^4.0.1",
                "fast-jpeg": "^3.0.1",
                "fast-png": "^7.0.1",
                "image-type": "^4.1.0",
                "jpeg-js": "^0.4.4",
                "js-priority-queue": "^0.1.5",
                "median-quickselect": "^1.0.1",
                "ml-affine-transform": "^1.0.3",
                "ml-convolution": "^2.0.0",
                "ml-matrix": "^6.12.1",
                "ml-ransac": "^1.0.0",
                "ml-regression-multivariate-linear": "^2.0.4",
                "ml-regression-polynomial-2d": "^1.0.0",
                "ml-spectra-processing": "^14.18.0",
                "robust-point-in-polygon": "^1.0.3",
                "skia-canvas": "^3.0.8",
                "ssim.js": "^3.5.0",
                "tiff": "^7.1.2",
                "ts-pattern": "^5.9.0",
                "uint8-base64": "^1.0.0"
            }
        },
        "node_modules/image-type": {
            "version": "4.1.0",
            "resolved": "https://registry.npmjs.org/image-type/-/image-type-4.1.0.tgz",
            "integrity": "sha512-CFJMJ8QK8lJvRlTCEgarL4ro6hfDQKif2HjSvYCdQZESaIPV4v9imrf7BQHK+sQeTeNeMpWciR9hyC/g8ybXEg==",
            "dev": true,
            "license": "MIT",
            "dependencies": {
                "file-type": "^10.10.0"
            },
            "engines": {
                "node": ">=6"
            }
        },
        "node_modules/iobuffer": {
            "version": "6.0.1",
            "resolved": "https://registry.npmjs.org/iobuffer/-/iobuffer-6.0.1.tgz",
            "integrity": "sha512-SZWYkWNfjIXIBYSDpXDYIgshqtbOPsi4lviawAEceR1Kqk+sHDlcQjWrzNQsii80AyBY0q5c8HCTNjqo74ul+Q==",
            "dev": true,
            "license": "MIT"
        },
        "node_modules/is-any-array": {
            "version": "3.0.0",
            "resolved": "https://registry.npmjs.org/is-any-array/-/is-any-array-3.0.0.tgz",
            "integrity": "sha512-o4h+tylWykC4BD1vaejp6gDxoM13bwW8FGuNs4yIKpj8xbBJcRxJx8vZpq0dCr7ZDEfeKjmsi/euolKhX6f/ww==",
            "dev": true,
            "license": "MIT"
        },
        "node_modules/jpeg-js": {
            "version": "0.4.4",
            "resolved": "https://registry.npmjs.org/jpeg-js/-/jpeg-js-0.4.4.tgz",
            "integrity": "sha512-WZzeDOEtTOBK4Mdsar0IqEU5sMr3vSV2RqkAIzUEV2BHnUfKGyswWFPFwK5EeDo93K3FohSHbLAjj0s1Wzd+dg==",
            "dev": true,
            "license": "BSD-3-Clause"
        },
        "node_modules/js-priority-queue": {
            "version": "0.1.5",
            "resolved": "https://registry.npmjs.org/js-priority-queue/-/js-priority-queue-0.1.5.tgz",
            "integrity": "sha512-2dPmJT4GbXUpob7AZDR1wFMKz3Biy6oW69mwt5PTtdeoOgDin1i0p5gUV9k0LFeUxDpwkfr+JGMZDpcprjiY5w==",
            "dev": true,
            "license": "Public Domain"
        },
        "node_modules/kagami-playwright-reporter": {
            "version": "0.0.2",
            "resolved": "https://registry.npmjs.org/kagami-playwright-reporter/-/kagami-playwright-reporter-0.0.2.tgz",
            "integrity": "sha512-ZFZl/vSNtaXsU0DJflL2N6i2NQjW2VCJFUZhary688S2dIOxWPEmf53w7tF+Cmw0boQ3+6Q6EIMphtFF3bsikA==",
            "license": "MIT",
            "peerDependencies": {
                "@playwright/test": ">=1.40.0"
            }
        },
        "node_modules/median-quickselect": {
            "version": "1.0.1",
            "resolved": "https://registry.npmjs.org/median-quickselect/-/median-quickselect-1.0.1.tgz",
            "integrity": "sha512-/QL9ptNuLsdA68qO+2o10TKCyu621zwwTFdLvtu8rzRNKsn8zvuGoq/vDxECPyELFG8wu+BpyoMR9BnsJqfVZQ==",
            "dev": true,
            "license": "ISC"
        },
        "node_modules/ml-affine-transform": {
            "version": "1.0.3",
            "resolved": "https://registry.npmjs.org/ml-affine-transform/-/ml-affine-transform-1.0.3.tgz",
            "integrity": "sha512-uv13li9HOGuMdSKL+QEdaV25emO9kt17LzGCD+FLQrBsrU8p/r/3kS/GJ7xI+f3/aWghkBK733x0yBG6EwKFJA==",
            "dev": true,
            "license": "MIT",
            "dependencies": {
                "ml-matrix": "^6.10.4"
            }
        },
        "node_modules/ml-array-max": {
            "version": "2.0.0",
            "resolved": "https://registry.npmjs.org/ml-array-max/-/ml-array-max-2.0.0.tgz",
            "integrity": "sha512-QQZ4kENwpWmyNb98UXRDFXrmtIXuXtt1+bSbda/2KA85+F+rrJP8hZk6QOkCQXM2Th9mUDYdq/PNByPdT9ID4A==",
            "dev": true,
            "license": "MIT",
            "dependencies": {
                "is-any-array": "^3.0.0"
            }
        },
        "node_modules/ml-array-median": {
            "version": "1.1.6",
            "resolved": "https://registry.npmjs.org/ml-array-median/-/ml-array-median-1.1.6.tgz",
            "integrity": "sha512-V6bV6bTPFRX8v5CaAx/7fuRXC39LLTHfPSVZZafdNaqNz2PFL5zEA7gesjv8dMXh+gwPeUMtB5QPovlTBaa4sw==",
            "dev": true,
            "license": "MIT",
            "dependencies": {
                "is-any-array": "^2.0.0",
                "median-quickselect": "^1.0.1"
            }
        },
        "node_modules/ml-array-median/node_modules/is-any-array": {
            "version": "2.0.1",
            "resolved": "https://registry.npmjs.org/is-any-array/-/is-any-array-2.0.1.tgz",
            "integrity": "sha512-UtilS7hLRu++wb/WBAw9bNuP1Eg04Ivn1vERJck8zJthEvXCBEBpGR/33u/xLKWEQf95803oalHrVDptcAvFdQ==",
            "dev": true,
            "license": "MIT"
        },
        "node_modules/ml-array-min": {
            "version": "2.0.0",
            "resolved": "https://registry.npmjs.org/ml-array-min/-/ml-array-min-2.0.0.tgz",
            "integrity": "sha512-GRj6Ky6sW9vGL6yIjgsHmXZ9YgrdmcQ8nCxPqEGeKc6dkfYg1XDYxGFxADUjNuZyoCd5PUscWAS4N+cFaX6hFg==",
            "dev": true,
            "license": "MIT",
            "dependencies": {
                "is-any-array": "^3.0.0"
            }
        },
        "node_modules/ml-array-rescale": {
            "version": "2.0.0",
            "resolved": "https://registry.npmjs.org/ml-array-rescale/-/ml-array-rescale-2.0.0.tgz",
            "integrity": "sha512-2GGtKfSno94/kIloWGvpp/U5Q5vLvLrza+SAaGsLeo6Xj4mEbA6Gqx+oTfZFkxnd1grT2X007HfJNs3T5BsiVg==",
            "dev": true,
            "license": "MIT",
            "dependencies": {
                "is-any-array": "^3.0.0",
                "ml-array-max": "^2.0.0",
                "ml-array-min": "^2.0.0"
            }
        },
        "node_modules/ml-convolution": {
            "version": "2.0.0",
            "resolved": "https://registry.npmjs.org/ml-convolution/-/ml-convolution-2.0.0.tgz",
            "integrity": "sha512-ExW6zVmN2YGuyO3aBiS1ymybme3nVgv2ccCfynSdgtW5sNp4DOHnfow4K/ErTDMQ1s9tINjv7kvzjnVhQHXJBA==",
            "dev": true,
            "license": "MIT",
            "dependencies": {
                "fft.js": "^4.0.3",
                "next-power-of-two": "^1.0.0"
            }
        },
        "node_modules/ml-matrix": {
            "version": "6.12.2",
            "resolved": "https://registry.npmjs.org/ml-matrix/-/ml-matrix-6.12.2.tgz",
            "integrity": "sha512-GC+BnW+pBh8Auap8goAxY0senAmF0IEoc3HNVSfnfbvGw0buuDIYb9kAKMS1l+GiwJ1rfK2bzJ8IHhwjzATSFA==",
            "dev": true,
            "license": "MIT",
            "dependencies": {
                "is-any-array": "^3.0.0",
                "ml-array-rescale": "^2.0.0"
            }
        },
        "node_modules/ml-random": {
            "version": "0.5.0",
            "resolved": "https://registry.npmjs.org/ml-random/-/ml-random-0.5.0.tgz",
            "integrity": "sha512-zLJBmNb34LOz+vN6BD8l3aYm/VWYWbmAunrLMPs4dHf4gTl8BWlhil72j56HubPg86zrXioIs4qoHq7Topy6tw==",
            "dev": true,
            "license": "MIT",
            "dependencies": {
                "ml-xsadd": "^2.0.0"
            }
        },
        "node_modules/ml-ransac": {
            "version": "1.0.0",
            "resolved": "https://registry.npmjs.org/ml-ransac/-/ml-ransac-1.0.0.tgz",
            "integrity": "sha512-fGi45s7T5+BEqdb5JqZC699w2riy6j0tzuZ2ZP63xavRa/yVKQIbUbj4XiE4XMr9T7HSiq1D9y0uybiyikDPvA==",
            "dev": true,
            "license": "MIT",
            "dependencies": {
                "ml-array-median": "^1.1.6",
                "ml-matrix": "^6.10.4",
                "ml-random": "^0.5.0"
            }
        },
        "node_modules/ml-regression-base": {
            "version": "4.0.1",
            "resolved": "https://registry.npmjs.org/ml-regression-base/-/ml-regression-base-4.0.1.tgz",
            "integrity": "sha512-kYJWRIfB88JDUN+QWBsOlI0dP5tMo/XPxqVU0Xjn6B0rfzPptUnON9xPNnMVEm43DkM621j9v6+Ln9vCk3N93A==",
            "dev": true,
            "license": "MIT",
            "dependencies": {
                "cheminfo-types": "^1.15.0",
                "is-any-array": "^3.0.0"
            }
        },
        "node_modules/ml-regression-multivariate-linear": {
            "version": "2.0.4",
            "resolved": "https://registry.npmjs.org/ml-regression-multivariate-linear/-/ml-regression-multivariate-linear-2.0.4.tgz",
            "integrity": "sha512-/vShPAlP+mB7P2mC5TuXwObSJNl/UBI71/bszt9ilTg6yLKy6btDLpAYyJNa6t+JnL5a7q+Yy4dCltfpvqXRIw==",
            "dev": true,
            "license": "MIT",
            "dependencies": {
                "ml-matrix": "^6.10.1"
            }
        },
        "node_modules/ml-regression-polynomial-2d": {
            "version": "1.0.0",
            "resolved": "https://registry.npmjs.org/ml-regression-polynomial-2d/-/ml-regression-polynomial-2d-1.0.0.tgz",
            "integrity": "sha512-r34kaawZKMwjORIdzpa/o5fnjlTXkkaLJ3B4vvFNeKlvEGPtApqFxbDRmw07e2CjUH2MhGIChpMeXp/XB3Iogg==",
            "dev": true,
            "license": "MIT",
            "dependencies": {
                "cheminfo-types": "^1.7.3",
                "is-any-array": "^2.0.1",
                "ml-matrix": "^6.11.0",
                "ml-regression-base": "^4.0.0"
            }
        },
        "node_modules/ml-regression-polynomial-2d/node_modules/is-any-array": {
            "version": "2.0.1",
            "resolved": "https://registry.npmjs.org/is-any-array/-/is-any-array-2.0.1.tgz",
            "integrity": "sha512-UtilS7hLRu++wb/WBAw9bNuP1Eg04Ivn1vERJck8zJthEvXCBEBpGR/33u/xLKWEQf95803oalHrVDptcAvFdQ==",
            "dev": true,
            "license": "MIT"
        },
        "node_modules/ml-spectra-processing": {
            "version": "14.29.0",
            "resolved": "https://registry.npmjs.org/ml-spectra-processing/-/ml-spectra-processing-14.29.0.tgz",
            "integrity": "sha512-825CS864krbjMv7OB0mbjgAmyOL5ymj1OGa0gAzz1h1Dcd3Eeol2DaOimSiPYmRhW+iYhpeQnb7cSU0mlSK6+g==",
            "dev": true,
            "license": "MIT",
            "dependencies": {
                "binary-search": "^1.3.6",
                "cheminfo-types": "^1.15.0",
                "fft.js": "^4.0.4",
                "is-any-array": "^3.0.0",
                "ml-matrix": "^6.12.2",
                "ml-xsadd": "^3.0.1"
            }
        },
        "node_modules/ml-spectra-processing/node_modules/ml-xsadd": {
            "version": "3.0.1",
            "resolved": "https://registry.npmjs.org/ml-xsadd/-/ml-xsadd-3.0.1.tgz",
            "integrity": "sha512-Fz2q6dwgzGM8wYKGArTUTZDGa4lQFA2Vi6orjGeTVRy22ZnQFKlJuwS9n8NRviqz1KHAHAzdKJwbnYhdo38uYg==",
            "dev": true,
            "license": "MIT"
        },
        "node_modules/ml-xsadd": {
            "version": "2.0.0",
            "resolved": "https://registry.npmjs.org/ml-xsadd/-/ml-xsadd-2.0.0.tgz",
            "integrity": "sha512-VoAYUqmPRmzKbbqRejjqceGFp3VF81Qe8XXFGU0UXLxB7Mf4GGvyGq5Qn3k4AiQgDEV6WzobqlPOd+j0+m6IrA==",
            "dev": true,
            "license": "MIT"
        },
        "node_modules/ms": {
            "version": "2.1.3",
            "resolved": "https://registry.npmjs.org/ms/-/ms-2.1.3.tgz",
            "integrity": "sha512-6FlzubTLZG3J2a/NVCAleEhjzq5oxgHyaCU9yYXvcLsvoVaHJq/s5xXI6/XXP6tz7R9xAOtHnSO/tXtF3WRTlA==",
            "dev": true,
            "license": "MIT"
        },
        "node_modules/mustache": {
            "version": "4.2.0",
            "resolved": "https://registry.npmjs.org/mustache/-/mustache-4.2.0.tgz",
            "integrity": "sha512-71ippSywq5Yb7/tVYyGbkBggbU8H3u5Rz56fH60jGFgr8uHwxs+aSKeqmluIVzM0m0kB7xQjKS6qPfd0b2ZoqQ==",
            "dev": true,
            "license": "MIT",
            "bin": {
                "mustache": "bin/mustache"
            }
        },
        "node_modules/next-power-of-two": {
            "version": "1.0.0",
            "resolved": "https://registry.npmjs.org/next-power-of-two/-/next-power-of-two-1.0.0.tgz",
            "integrity": "sha512-+z6QY1SxkDk6CQJAeaIZKmcNubBCRP7J8DMQUBglz/sSkNsZoJ1kULjqk9skNPPplzs4i9PFhYrvNDdtQleF/A==",
            "dev": true,
            "license": "MIT"
        },
        "node_modules/node-fetch-native": {
            "version": "1.6.7",
            "resolved": "https://registry.npmjs.org/node-fetch-native/-/node-fetch-native-1.6.7.tgz",
            "integrity": "sha512-g9yhqoedzIUm0nTnTqAQvueMPVOuIY16bqgAJJC8XOOubYFNwz6IER9qs0Gq2Xd0+CecCKFjtdDTMA4u4xG06Q==",
            "dev": true,
            "license": "MIT"
        },
        "node_modules/ofetch": {
            "version": "1.4.1",
            "resolved": "https://registry.npmjs.org/ofetch/-/ofetch-1.4.1.tgz",
            "integrity": "sha512-QZj2DfGplQAr2oj9KzceK9Hwz6Whxazmn85yYeVuS3u9XTMOGMRx0kO95MQ+vLsj/S/NwBDMMLU5hpxvI6Tklw==",
            "dev": true,
            "license": "MIT",
            "dependencies": {
                "destr": "^2.0.3",
                "node-fetch-native": "^1.6.4",
                "ufo": "^1.5.4"
            }
        },
        "node_modules/pako": {
            "version": "2.1.0",
            "resolved": "https://registry.npmjs.org/pako/-/pako-2.1.0.tgz",
            "integrity": "sha512-w+eufiZ1WuJYgPXbV/PO3NCMEc3xqylkKHzp8bxp1uW4qaSNQUkwmLLEc3kKsfz8lpV1F8Ht3U1Cm+9Srog2ug==",
            "dev": true,
            "license": "(MIT AND Zlib)"
        },
        "node_modules/parenthesis": {
            "version": "3.1.8",
            "resolved": "https://registry.npmjs.org/parenthesis/-/parenthesis-3.1.8.tgz",
            "integrity": "sha512-KF/U8tk54BgQewkJPvB4s/US3VQY68BRDpH638+7O/n58TpnwiwnOtGIOsT2/i+M78s61BBpeC83STB88d8sqw==",
            "dev": true,
            "license": "MIT"
        },
        "node_modules/playwright": {
            "version": "1.60.0",
            "resolved": "https://registry.npmjs.org/playwright/-/playwright-1.60.0.tgz",
            "integrity": "sha512-hheHdokM8cdqCb0lcE3s+zT4t4W+vvjpGxsZlDnikarzx8tSzMebh3UiFtgqwFwnTnjYQcsyMF8ei2mCO/tpeA==",
            "license": "Apache-2.0",
            "dependencies": {
                "playwright-core": "1.60.0"
            },
            "bin": {
                "playwright": "cli.js"
            },
            "engines": {
                "node": ">=18"
            },
            "optionalDependencies": {
                "fsevents": "2.3.2"
            }
        },
        "node_modules/playwright-core": {
            "version": "1.60.0",
            "resolved": "https://registry.npmjs.org/playwright-core/-/playwright-core-1.60.0.tgz",
            "integrity": "sha512-9bW6zvX/m0lEbgTKJ6YppOKx8H3VOPBMOCFh2irXFOT4BbHgrx5hPjwJYLT40Lu+4qtD36qKc/Hn56StUW57IA==",
            "license": "Apache-2.0",
            "bin": {
                "playwright-core": "cli.js"
            },
            "engines": {
                "node": ">=18"
            }
        },
        "node_modules/robust-orientation": {
            "version": "1.2.1",
            "resolved": "https://registry.npmjs.org/robust-orientation/-/robust-orientation-1.2.1.tgz",
            "integrity": "sha512-FuTptgKwY6iNuU15nrIJDLjXzCChWB+T4AvksRtwPS/WZ3HuP1CElCm1t+OBfgQKfWbtZIawip+61k7+buRKAg==",
            "dev": true,
            "license": "MIT",
            "dependencies": {
                "robust-scale": "^1.0.2",
                "robust-subtract": "^1.0.0",
                "robust-sum": "^1.0.0",
                "two-product": "^1.0.2"
            }
        },
        "node_modules/robust-point-in-polygon": {
            "version": "1.0.3",
            "resolved": "https://registry.npmjs.org/robust-point-in-polygon/-/robust-point-in-polygon-1.0.3.tgz",
            "integrity": "sha512-pPzz7AevOOcPYnFv4Vs5L0C7BKOq6C/TfAw5EUE58CylbjGiPyMjAnPLzzSuPZ2zftUGwWbmLWPOjPOz61tAcA==",
            "dev": true,
            "license": "MIT",
            "dependencies": {
                "robust-orientation": "^1.0.2"
            }
        },
        "node_modules/robust-scale": {
            "version": "1.0.2",
            "resolved": "https://registry.npmjs.org/robust-scale/-/robust-scale-1.0.2.tgz",
            "integrity": "sha512-jBR91a/vomMAzazwpsPTPeuTPPmWBacwA+WYGNKcRGSh6xweuQ2ZbjRZ4v792/bZOhRKXRiQH0F48AvuajY0tQ==",
            "dev": true,
            "license": "MIT",
            "dependencies": {
                "two-product": "^1.0.2",
                "two-sum": "^1.0.0"
            }
        },
        "node_modules/robust-subtract": {
            "version": "1.0.0",
            "resolved": "https://registry.npmjs.org/robust-subtract/-/robust-subtract-1.0.0.tgz",
            "integrity": "sha512-xhKUno+Rl+trmxAIVwjQMiVdpF5llxytozXJOdoT4eTIqmqsndQqFb1A0oiW3sZGlhMRhOi6pAD4MF1YYW6o/A==",
            "dev": true,
            "license": "MIT"
        },
        "node_modules/robust-sum": {
            "version": "1.0.0",
            "resolved": "https://registry.npmjs.org/robust-sum/-/robust-sum-1.0.0.tgz",
            "integrity": "sha512-AvLExwpaqUqD1uwLU6MwzzfRdaI6VEZsyvQ3IAQ0ZJ08v1H+DTyqskrf2ZJyh0BDduFVLN7H04Zmc+qTiahhAw==",
            "dev": true,
            "license": "MIT"
        },
        "node_modules/skia-canvas": {
            "version": "3.0.8",
            "resolved": "https://registry.npmjs.org/skia-canvas/-/skia-canvas-3.0.8.tgz",
            "integrity": "sha512-FSYKxp8Ng2vOeeOBiyPhnn6ui6FirPJXMyjk4PKl8N/OWzVrkMawUgY9zubIWHMdYtyWFn0gfX3QlRwg6HBmdg==",
            "dev": true,
            "hasInstallScript": true,
            "license": "MIT",
            "dependencies": {
                "detect-libc": "^2.1.1",
                "follow-redirects": "^1.15.11",
                "https-proxy-agent": "^7.0.6",
                "string-split-by": "^1.0.0"
            }
        },
        "node_modules/ssim.js": {
            "version": "3.5.0",
            "resolved": "https://registry.npmjs.org/ssim.js/-/ssim.js-3.5.0.tgz",
            "integrity": "sha512-Aj6Jl2z6oDmgYFFbQqK7fght19bXdOxY7Tj03nF+03M9gCBAjeIiO8/PlEGMfKDwYpw4q6iBqVq2YuREorGg/g==",
            "dev": true,
            "license": "MIT"
        },
        "node_modules/string-split-by": {
            "version": "1.0.0",
            "resolved": "https://registry.npmjs.org/string-split-by/-/string-split-by-1.0.0.tgz",
            "integrity": "sha512-KaJKY+hfpzNyet/emP81PJA9hTVSfxNLS9SFTWxdCnnW1/zOOwiV248+EfoX7IQFcBaOp4G5YE6xTJMF+pLg6A==",
            "dev": true,
            "license": "MIT",
            "dependencies": {
                "parenthesis": "^3.1.5"
            }
        },
        "node_modules/tiff": {
            "version": "7.1.3",
            "resolved": "https://registry.npmjs.org/tiff/-/tiff-7.1.3.tgz",
            "integrity": "sha512-YEEq3fT++2pdta/9P/vGG4QRMdZQoe6W6JNaWnIi6NvAsbeNITwFCtmWwL/BZvOi+uo2I3ohyOkD3sZfme+c6g==",
            "dev": true,
            "license": "MIT",
            "dependencies": {
                "fflate": "^0.8.2",
                "iobuffer": "^6.0.0"
            }
        },
        "node_modules/ts-pattern": {
            "version": "5.9.0",
            "resolved": "https://registry.npmjs.org/ts-pattern/-/ts-pattern-5.9.0.tgz",
            "integrity": "sha512-6s5V71mX8qBUmlgbrfL33xDUwO0fq48rxAu2LBE11WBeGdpCPOsXksQbZJHvHwhrd3QjUusd3mAOM5Gg0mFBLg==",
            "dev": true,
            "license": "MIT"
        },
        "node_modules/two-product": {
            "version": "1.0.2",
            "resolved": "https://registry.npmjs.org/two-product/-/two-product-1.0.2.tgz",
            "integrity": "sha512-vOyrqmeYvzjToVM08iU52OFocWT6eB/I5LUWYnxeAPGXAhAxXYU/Yr/R2uY5/5n4bvJQL9AQulIuxpIsMoT8XQ==",
            "dev": true,
            "license": "MIT"
        },
        "node_modules/two-sum": {
            "version": "1.0.0",
            "resolved": "https://registry.npmjs.org/two-sum/-/two-sum-1.0.0.tgz",
            "integrity": "sha512-phP48e8AawgsNUjEY2WvoIWqdie8PoiDZGxTDv70LDr01uX5wLEQbOgSP7Z/B6+SW5oLtbe8qaYX2fKJs3CGTw==",
            "dev": true,
            "license": "MIT"
        },
        "node_modules/ufo": {
            "version": "1.6.4",
            "resolved": "https://registry.npmjs.org/ufo/-/ufo-1.6.4.tgz",
            "integrity": "sha512-JFNbkD1Svwe0KvGi8GOeLcP4kAWQ609twvCdcHxq1oSL8svv39ZuSvajcD8B+5D0eL4+s1Is2D/O6KN3qcTeRA==",
            "dev": true,
            "license": "MIT"
        },
        "node_modules/uint8-base64": {
            "version": "1.0.0",
            "resolved": "https://registry.npmjs.org/uint8-base64/-/uint8-base64-1.0.0.tgz",
            "integrity": "sha512-B6ZJfEZL2FAhbIyZZ7WlQq8MPq1X1P1DUA//LsSv/vB4r+Dao5/BPoxgw2t+t1XyvoSfBkE7zI4SYsnGj7BmlQ==",
            "dev": true,
            "license": "MIT"
        },
        "node_modules/undici-types": {
            "version": "6.21.0",
            "resolved": "https://registry.npmjs.org/undici-types/-/undici-types-6.21.0.tgz",
            "integrity": "sha512-iwDZqg0QAGrg9Rav5H4n0M64c3mkR59cJ6wQp+7C4nI0gsmExaedaYLNO44eT4AtBBwjbTiGPMlt2Md0T9H9JQ==",
            "dev": true,
            "license": "MIT"
        },
        "node_modules/uuid": {
            "version": "14.0.0",
            "resolved": "https://registry.npmjs.org/uuid/-/uuid-14.0.0.tgz",
            "integrity": "sha512-Qo+uWgilfSmAhXCMav1uYFynlQO7fMFiMVZsQqZRMIXp0O7rR7qjkj+cPvBHLgBqi960QCoo/PH2/6ZtVqKvrg==",
            "dev": true,
            "funding": [
                "https://github.com/sponsors/broofa",
                "https://github.com/sponsors/ctavan"
            ],
            "license": "MIT",
            "bin": {
                "uuid": "dist-node/bin/uuid"
            }
        }
    }
}
